
Microsoft Visual Studio Solution File, Format Version 12.00
# Visual Studio Version 17
VisualStudioVersion = 17.0.31919.166
MinimumVisualStudioVersion = 10.0.40219.1
Project("{FAE04EC0-301F-11D3-BF4B-00C04F79EFBC}") = "Desafio", "Desafio\Desafio.csproj", "{0AAF9E6D-3B55-4594-AEC4-DA709FA23E8A}"
EndProject
Global
	GlobalSection(SolutionConfigurationPlatforms) = preSolution
		Debug|Any CPU = Debug|Any CPU
		Release|Any CPU = Release|Any CPU
	EndGlobalSection
	GlobalSection(ProjectConfigurationPlatforms) = postSolution
		{0AAF9E6D-3B55-4594-AEC4-DA709FA23E8A}.Debug|Any CPU.ActiveCfg = Debug|Any CPU
		{0AAF9E6D-3B55-4594-AEC4-DA709FA23E8A}.Debug|Any CPU.Build.0 = Debug|Any CPU
		{0AAF9E6D-3B55-4594-AEC4-DA709FA23E8A}.Release|Any CPU.ActiveCfg = Release|Any CPU
		{0AAF9E6D-3B55-4594-AEC4-DA709FA23E8A}.Release|Any CPU.Build.0 = Release|Any CPU
	EndGlobalSection
	GlobalSection(SolutionProperties) = preSolution
		HideSolutionNode = FALSE
	EndGlobalSection
	GlobalSection(ExtensibilityGlobals) = postSolution
		SolutionGuid = {3196CCAB-D5FD-4E06-9CA5-DBFB963507CE}
	EndGlobalSection
EndGlobal
